version = 1
revision = 3
requires-python = ">=3.13"

[[package]]
name = "aenum"
version = "3.1.17"
source = { registry = "https://pypi.org/simple" }
sdist = { url = "https://files.pythonhosted.org/packages/07/e9/8b283567c1fef7c24d1f390b37daede8b61593d8cdaffb8e95d571699e83/aenum-3.1.17.tar.gz", hash = "sha256:a969a4516b194895de72c875ece355f17c0d272146f7fda346ef74f93cf4d5ba", size = 137648, upload-time = "2026-03-20T20:43:29.846Z" }
wheels = [
    { url = "https://files.pythonhosted.org/packages/48/8d/1fe30c6fd8999b9d462547c4a1bb6690bda24af38f2913c4bec7decb81f2/aenum-3.1.17-py3-none-any.whl", hash = "sha256:8b883a37a04e74cc838ac442bdd28c266eae5bbf13e1342c7ef123ed25230139", size = 165560, upload-time = "2026-03-20T20:43:27.681Z" },
]

[[package]]
name = "attrs"
version = "21.4.0"
source = { registry = "https://pypi.org/simple" }
sdist = { url = "https://files.pythonhosted.org/packages/d7/77/ebb15fc26d0f815839ecd897b919ed6d85c050feeb83e100e020df9153d2/attrs-21.4.0.tar.gz", hash = "sha256:626ba8234211db98e869df76230a137c4c40a12d72445c45d5f5b716f076e2fd", size = 201839, upload-time = "2021-12-29T13:15:09.056Z" }
wheels = [
    { url = "https://files.pythonhosted.org/packages/be/be/7abce643bfdf8ca01c48afa2ddf8308c2308b0c3b239a44e57d020afa0ef/attrs-21.4.0-py2.py3-none-any.whl", hash = "sha256:2d27e3784d7a565d36ab851fe94887c5eccd6a463168875832a1be79c82828b4", size = 60567, upload-time = "2021-12-29T13:15:06.703Z" },
]

[[package]]
name = "hytek-automated-athletes-entries"
version = "0.1.0"
source = { editable = "." }
dependencies = [
    { name = "hytek-parser" },
]

[package.metadata]
requires-dist = [{ name = "hytek-parser", specifier = ">=3.0.0" }]

[[package]]
name = "hytek-parser"
version = "3.0.0"
source = { registry = "https://pypi.org/simple" }
dependencies = [
    { name = "aenum" },
    { name = "attrs" },
    { name = "xlrd" },
]
sdist = { url = "https://files.pythonhosted.org/packages/70/ff/2dc50eb40f77576a9d2921bd0486f702115b6e78fee199c243c0152026be/hytek_parser-3.0.0.tar.gz", hash = "sha256:7cad661a62b9e7c9fd79e1a6cb5121077547ca70e713ae33337752e659b8f17a", size = 23283, upload-time = "2026-09-05T18:49:52.325Z" }
wheels = [
    { url = "https://files.pythonhosted.org/packages/0c/c8/d0e356e4f3d3a5c9f5dcaf582f030278d9e8f5dda0a07bd00cdcd7f9fff2/hytek_parser-3.0.0-py3-none-any.whl", hash = "sha256:0386407096011967aa8a52b4177e2a8fa693c139d23ca8bc05af6fa88d1120d5", size = 31617, upload-time = "2026-09-05T18:49:51.366Z" },
]

[[package]]
name = "xlrd"
version = "2.0.2"
source = { registry = "https://pypi.org/simple" }
sdist = { url = "https://files.pythonhosted.org/packages/07/5a/377161c2d3538d1990d7af382c79f3b2372e880b65de21b01b1a2b78691e/xlrd-2.0.2.tar.gz", hash = "sha256:08b5e25de58f21ce71dc7db3b3b8106c1fa776f3024c54e45b45b374e89234c9", size = 100167, upload-time = "2025-06-14T08:46:39.039Z" }
wheels = [
    { url = "https://files.pythonhosted.org/packages/1a/62/c8d562e7766786ba6587d09c5a8ba9f718ed3fa8af7f4553e8f91c36f302/xlrd-2.0.2-py2.py3-none-any.whl", hash = "sha256:ea762c3d29f4cca48d82df517b6d89fbce4db3107f9d78713e48cd321d5c9aa9", size = 96555, upload-time = "2025-06-14T08:46:37.766Z" },
]
